
Microsoft Visual Studio Solution File, Format Version 12.00
# Visual Studio Version 16
VisualStudioVersion = 16.0.31313.79
MinimumVisualStudioVersion = 10.0.40219.1
Project("{FAE04EC0-301F-11D3-BF4B-00C04F79EFBC}") = "ExtensibilityForMasses", "ExtensibilityForMasses\ExtensibilityForMasses.csproj", "{330262A5-1593-4493-B805-25765CAFE061}"
EndProject
Project("{FAE04EC0-301F-11D3-BF4B-00C04F79EFBC}") = "ExtensibilityForMasses.Test", "ExtensibilityForMasses.Test\ExtensibilityForMasses.Test.csproj", "{C638B22B-A493-45A9-BAAC-8511C824283E}"
EndProject
Global
	GlobalSection(SolutionConfigurationPlatforms) = preSolution
		Debug|Any CPU = Debug|Any CPU
		Release|Any CPU = Release|Any CPU
	EndGlobalSection
	GlobalSection(ProjectConfigurationPlatforms) = postSolution
		{330262A5-1593-4493-B805-25765CAFE061}.Debug|Any CPU.ActiveCfg = Debug|Any CPU
		{330262A5-1593-4493-B805-25765CAFE061}.Debug|Any CPU.Build.0 = Debug|Any CPU
		{330262A5-1593-4493-B805-25765CAFE061}.Release|Any CPU.ActiveCfg = Release|Any CPU
		{330262A5-1593-4493-B805-25765CAFE061}.Release|Any CPU.Build.0 = Release|Any CPU
		{C638B22B-A493-45A9-BAAC-8511C824283E}.Debug|Any CPU.ActiveCfg = Debug|Any CPU
		{C638B22B-A493-45A9-BAAC-8511C824283E}.Debug|Any CPU.Build.0 = Debug|Any CPU
		{C638B22B-A493-45A9-BAAC-8511C824283E}.Release|Any CPU.ActiveCfg = Release|Any CPU
		{C638B22B-A493-45A9-BAAC-8511C824283E}.Release|Any CPU.Build.0 = Release|Any CPU
	EndGlobalSection
	GlobalSection(SolutionProperties) = preSolution
		HideSolutionNode = FALSE
	EndGlobalSection
	GlobalSection(ExtensibilityGlobals) = postSolution
		SolutionGuid = {E5E4F878-B3C0-4AE3-A9F2-6F51137B1215}
	EndGlobalSection
EndGlobal
